lockfileVersion: 5.3

specifiers:
  '@types/node': ^16.11.9
  prettier: ^2.4.1
  typescript: ^4.5.2

dependencies:
  '@types/node': 16.11.9
  typescript: 4.5.2

devDependencies:
  prettier: 2.4.1

packages:

  /@types/node/16.11.9:
    resolution: {integrity: sha512-MKmdASMf3LtPzwLyRrFjtFFZ48cMf8jmX5VRYrDQiJa8Ybu5VAmkqBWqKU8fdCwD8ysw4mQ9nrEHvzg6gunR7A==}
    dev: false

  /prettier/2.4.1:
    resolution: {integrity: sha512-9fbDAXSBcc6Bs1mZrDYb3XKzDLm4EXXL9sC1LqKP5rZkT6KRr/rf9amVUcODVXgguK/isJz0d0hP72WeaKWsvA==}
    engines: {node: '>=10.13.0'}
    hasBin: true
    dev: true

  /typescript/4.5.2:
    resolution: {integrity: sha512-5BlMof9H1yGt0P8/WF+wPNw6GfctgGjXp5hkblpyT+8rkASSmkUKMXrxR0Xg8ThVCi/JnHQiKXeBaEwCeQwMFw==}
    engines: {node: '>=4.2.0'}
    hasBin: true
    dev: false
