lockfileVersion: 5.3

specifiers:
  '@types/node': ^16.4.6
  prettier: ^2.3.2
  typescript: ^4.3.5

dependencies:
  '@types/node': 16.4.6
  typescript: 4.3.5

devDependencies:
  prettier: 2.3.2

packages:

  /@types/node/16.4.6:
    resolution: {integrity: sha512-FKyawK3o5KL16AwbeFajen8G4K3mmqUrQsehn5wNKs8IzlKHE8TfnSmILXVMVziAEcnB23u1RCFU1NT6hSyr7Q==}
    dev: false

  /prettier/2.3.2:
    resolution: {integrity: sha512-lnJzDfJ66zkMy58OL5/NY5zp70S7Nz6KqcKkXYzn2tMVrNxvbqaBpg7H3qHaLxCJ5lNMsGuM8+ohS7cZrthdLQ==}
    engines: {node: '>=10.13.0'}
    hasBin: true
    dev: true

  /typescript/4.3.5:
    resolution: {integrity: sha512-DqQgihaQ9cUrskJo9kIyW/+g0Vxsk8cDtZ52a3NGh0YNTfpUSArXSohyUGnvbPazEPLu398C0UxmKSOrPumUzA==}
    engines: {node: '>=4.2.0'}
    hasBin: true
    dev: false
